// !$*UTF8*$!
{
	archiveVersion = 1;
	classes = {
	};
	objectVersion = 56;
	objects = {

/* Begin PBXBuildFile section */
		7D38C9542AAAC31700D051B9 /* AppDelegate.swift in Sources */ = {isa = PBXBuildFile; fileRef = 7D38C9532AAAC31700D051B9 /* AppDelegate.swift */; };
		7D38C9562AAAC31700D051B9 /* SceneDelegate.swift in Sources */ = {isa = PBXBuildFile; fileRef = 7D38C9552AAAC31700D051B9 /* SceneDelegate.swift */; };
		7D38C9582AAAC31700D051B9 /* ViewController.swift in Sources */ = {isa = PBXBuildFile; fileRef = 7D38C9572AAAC31700D051B9 /* ViewController.swift */; };
		7D38C95B2AAAC31700D051B9 /* Main.storyboard in Resources */ = {isa = PBXBuildFile; fileRef = 7D38C9592AAAC31700D051B9 /* Main.storyboard */; };
		7D38C95D2AAAC31800D051B9 /* Assets.xcassets in Resources */ = {isa = PBXBuildFile; fileRef = 7D38C95C2AAAC31800D051B9 /* Assets.xcassets */; };
		7D38C9602AAAC31800D051B9 /* LaunchScreen.storyboard in Resources */ = {isa = PBXBuildFile; fileRef = 7D38C95E2AAAC31800D051B9 /* LaunchScreen.storyboard */; };
		7D38C96B2AAAC31800D051B9 /* ARMagicTests.swift in Sources */ = {isa = PBXBuildFile; fileRef = 7D38C96A2AAAC31800D051B9 /* ARMagicTests.swift */; };
		7D38C9752AAAC31900D051B9 /* ARMagicUITests.swift in Sources */ = {isa = PBXBuildFile; fileRef = 7D38C9742AAAC31900D051B9 /* ARMagicUITests.swift */; };
		7D38C9772AAAC31900D051B9 /* ARMagicUITestsLaunchTests.swift in Sources */ = {isa = PBXBuildFile; fileRef = 7D38C9762AAAC31900D051B9 /* ARMagicUITestsLaunchTests.swift */; };
/* End PBXBuildFile section */

/* Begin PBXContainerItemProxy section */
		7D38C9672AAAC31800D051B9 /* PBXContainerItemProxy */ = {
			isa = PBXContainerItemProxy;
			containerPortal = 7D38C9482AAAC31700D051B9 /* Project object */;
			proxyType = 1;
			remoteGlobalIDString = 7D38C94F2AAAC31700D051B9;
			remoteInfo = ARMagic;
		};
		7D38C9712AAAC31900D051B9 /* PBXContainerItemProxy */ = {
			isa = PBXContainerItemProxy;
			containerPortal = 7D38C9482AAAC31700D051B9 /* Project object */;
			proxyType = 1;
			remoteGlobalIDString = 7D38C94F2AAAC31700D051B9;
			remoteInfo = ARMagic;
		};
/* End PBXContainerItemProxy section */

/* Begin PBXFileReference section */
		7D38C9502AAAC31700D051B9 /* ARMagic.app */ = {isa = PBXFileReference; explicitFileType = wrapper.application; includeInIndex = 0; path = ARMagic.app; sourceTree = BUILT_PRODUCTS_DIR; };
		7D38C9532AAAC31700D051B9 /* AppDelegate.swift */ = {isa = PBXFileReference; lastKnownFileType = sourcecode.swift; path = AppDelegate.swift; sourceTree = "<group>"; };
		7D38C9552AAAC31700D051B9 /* SceneDelegate.swift */ = {isa = PBXFileReference; lastKnownFileType = sourcecode.swift; path = SceneDelegate.swift; sourceTree = "<group>"; };
		7D38C9572AAAC31700D051B9 /* ViewController.swift */ = {isa = PBXFileReference; lastKnownFileType = sourcecode.swift; path = ViewController.swift; sourceTree = "<group>"; };
		7D38C95A2AAAC31700D051B9 /* Base */ = {isa = PBXFileReference; lastKnownFileType = file.storyboard; name = Base; path = Base.lproj/Main.storyboard; sourceTree = "<group>"; };
		7D38C95C2AAAC31800D051B9 /* Assets.xcassets */ = {isa = PBXFileReference; lastKnownFileType = folder.assetcatalog; path = Assets.xcassets; sourceTree = "<group>"; };
		7D38C95F2AAAC31800D051B9 /* Base */ = {isa = PBXFileReference; lastKnownFileType = file.storyboard; name = Base; path = Base.lproj/LaunchScreen.storyboard; sourceTree = "<group>"; };
		7D38C9612AAAC31800D051B9 /* Info.plist */ = {isa = PBXFileReference; lastKnownFileType = text.plist.xml; path = Info.plist; sourceTree = "<group>"; };
		7D38C9662AAAC31800D051B9 /* ARMagicTests.xctest */ = {isa = PBXFileReference; explicitFileType = wrapper.cfbundle; includeInIndex = 0; path = ARMagicTests.xctest; sourceTree = BUILT_PRODUCTS_DIR; };
		7D38C96A2AAAC31800D051B9 /* ARMagicTests.swift */ = {isa = PBXFileReference; lastKnownFileType = sourcecode.swift; path = ARMagicTests.swift; sourceTree = "<group>"; };
		7D38C9702AAAC31900D051B9 /* ARMagicUITests.xctest */ = {isa = PBXFileReference; explicitFileType = wrapper.cfbundle; includeInIndex = 0; path = ARMagicUITests.xctest; sourceTree = BUILT_PRODUCTS_DIR; };
		7D38C9742AAAC31900D051B9 /* ARMagicUITests.swift */ = {isa = PBXFileReference; lastKnownFileType = sourcecode.swift; path = ARMagicUITests.swift; sourceTree = "<group>"; };
		7D38C9762AAAC31900D051B9 /* ARMagicUITestsLaunchTests.swift */ = {isa = PBXFileReference; lastKnownFileType = sourcecode.swift; path = ARMagicUITestsLaunchTests.swift; sourceTree = "<group>"; };
/* End PBXFileReference section */

/* Begin PBXFrameworksBuildPhase section */
		7D38C94D2AAAC31700D051B9 /* Frameworks */ = {
			isa = PBXFrameworksBuildPhase;
			buildActionMask = 2147483647;
			files = (
			);
			runOnlyForDeploymentPostprocessing = 0;
		};
		7D38C9632AAAC31800D051B9 /* Frameworks */ = {
			isa = PBXFrameworksBuildPhase;
			buildActionMask = 2147483647;
			files = (
			);
			runOnlyForDeploymentPostprocessing = 0;
		};
		7D38C96D2AAAC31900D051B9 /* Frameworks */ = {
			isa = PBXFrameworksBuildPhase;
			buildActionMask = 2147483647;
			files = (
			);
			runOnlyForDeploymentPostprocessing = 0;
		};
/* End PBXFrameworksBuildPhase section */

/* Begin PBXGroup section */
		7D38C9472AAAC31700D051B9 = {
			isa = PBXGroup;
			children = (
				7D38C9522AAAC31700D051B9 /* ARMagic */,
				7D38C9692AAAC31800D051B9 /* ARMagicTests */,
				7D38C9732AAAC31900D051B9 /* ARMagicUITests */,
				7D38C9512AAAC31700D051B9 /* Products */,
			);
			sourceTree = "<group>";
		};
		7D38C9512AAAC31700D051B9 /* Products */ = {
			isa = PBXGroup;
			children = (
				7D38C9502AAAC31700D051B9 /* ARMagic.app */,
				7D38C9662AAAC31800D051B9 /* ARMagicTests.xctest */,
				7D38C9702AAAC31900D051B9 /* ARMagicUITests.xctest */,
			);
			name = Products;
			sourceTree = "<group>";
		};
		7D38C9522AAAC31700D051B9 /* ARMagic */ = {
			isa = PBXGroup;
			children = (
				7D38C9532AAAC31700D051B9 /* AppDelegate.swift */,
				7D38C9552AAAC31700D051B9 /* SceneDelegate.swift */,
				7D38C9572AAAC31700D051B9 /* ViewController.swift */,
				7D38C9592AAAC31700D051B9 /* Main.storyboard */,
				7D38C95C2AAAC31800D051B9 /* Assets.xcassets */,
				7D38C95E2AAAC31800D051B9 /* LaunchScreen.storyboard */,
				7D38C9612AAAC31800D051B9 /* Info.plist */,
			);
			path = ARMagic;
			sourceTree = "<group>";
		};
		7D38C9692AAAC31800D051B9 /* ARMagicTests */ = {
			isa = PBXGroup;
			children = (
				7D38C96A2AAAC31800D051B9 /* ARMagicTests.swift */,
			);
			path = ARMagicTests;
			sourceTree = "<group>";
		};
		7D38C9732AAAC31900D051B9 /* ARMagicUITests */ = {
			isa = PBXGroup;
			children = (
				7D38C9742AAAC31900D051B9 /* ARMagicUITests.swift */,
				7D38C9762AAAC31900D051B9 /* ARMagicUITestsLaunchTests.swift */,
			);
			path = ARMagicUITests;
			sourceTree = "<group>";
		};
/* End PBXGroup section */

/* Begin PBXNativeTarget section */
		7D38C94F2AAAC31700D051B9 /* ARMagic */ = {
			isa = PBXNativeTarget;
			buildConfigurationList = 7D38C97A2AAAC31900D051B9 /* Build configuration list for PBXNativeTarget "ARMagic" */;
			buildPhases = (
				7D38C94C2AAAC31700D051B9 /* Sources */,
				7D38C94D2AAAC31700D051B9 /* Frameworks */,
				7D38C94E2AAAC31700D051B9 /* Resources */,
			);
			buildRules = (
			);
			dependencies = (
			);
			name = ARMagic;
			productName = ARMagic;
			productReference = 7D38C9502AAAC31700D051B9 /* ARMagic.app */;
			productType = "com.apple.product-type.application";
		};
		7D38C9652AAAC31800D051B9 /* ARMagicTests */ = {
			isa = PBXNativeTarget;
			buildConfigurationList = 7D38C97D2AAAC31900D051B9 /* Build configuration list for PBXNativeTarget "ARMagicTests" */;
			buildPhases = (
				7D38C9622AAAC31800D051B9 /* Sources */,
				7D38C9632AAAC31800D051B9 /* Frameworks */,
				7D38C9642AAAC31800D051B9 /* Resources */,
			);
			buildRules = (
			);
			dependencies = (
				7D38C9682AAAC31800D051B9 /* PBXTargetDependency */,
			);
			name = ARMagicTests;
			productName = ARMagicTests;
			productReference = 7D38C9662AAAC31800D051B9 /* ARMagicTests.xctest */;
			productType = "com.apple.product-type.bundle.unit-test";
		};
		7D38C96F2AAAC31900D051B9 /* ARMagicUITests */ = {
			isa = PBXNativeTarget;
			buildConfigurationList = 7D38C9802AAAC31900D051B9 /* Build configuration list for PBXNativeTarget "ARMagicUITests" */;
			buildPhases = (
				7D38C96C2AAAC31900D051B9 /* Sources */,
				7D38C96D2AAAC31900D051B9 /* Frameworks */,
				7D38C96E2AAAC31900D051B9 /* Resources */,
			);
			buildRules = (
			);
			dependencies = (
				7D38C9722AAAC31900D051B9 /* PBXTargetDependency */,
			);
			name = ARMagicUITests;
			productName = ARMagicUITests;
			productReference = 7D38C9702AAAC31900D051B9 /* ARMagicUITests.xctest */;
			productType = "com.apple.product-type.bundle.ui-testing";
		};
/* End PBXNativeTarget section */

/* Begin PBXProject section */
		7D38C9482AAAC31700D051B9 /* Project object */ = {
			isa = PBXProject;
			attributes = {
				BuildIndependentTargetsInParallel = 1;
				LastSwiftUpdateCheck = 1500;
				LastUpgradeCheck = 1500;
				TargetAttributes = {
					7D38C94F2AAAC31700D051B9 = {
						CreatedOnToolsVersion = 15.0;
					};
					7D38C9652AAAC31800D051B9 = {
						CreatedOnToolsVersion = 15.0;
						TestTargetID = 7D38C94F2AAAC31700D051B9;
					};
					7D38C96F2AAAC31900D051B9 = {
						CreatedOnToolsVersion = 15.0;
						TestTargetID = 7D38C94F2AAAC31700D051B9;
					};
				};
			};
			buildConfigurationList = 7D38C94B2AAAC31700D051B9 /* Build configuration list for PBXProject "ARMagic" */;
			compatibilityVersion = "Xcode 14.0";
			developmentRegion = en;
			hasScannedForEncodings = 0;
			knownRegions = (
				en,
				Base,
			);
			mainGroup = 7D38C9472AAAC31700D051B9;
			productRefGroup = 7D38C9512AAAC31700D051B9 /* Products */;
			projectDirPath = "";
			projectRoot = "";
			targets = (
				7D38C94F2AAAC31700D051B9 /* ARMagic */,
				7D38C9652AAAC31800D051B9 /* ARMagicTests */,
				7D38C96F2AAAC31900D051B9 /* ARMagicUITests */,
			);
		};
/* End PBXProject section */

/* Begin PBXResourcesBuildPhase section */
		7D38C94E2AAAC31700D051B9 /* Resources */ = {
			isa = PBXResourcesBuildPhase;
			buildActionMask = 2147483647;
			files = (
				7D38C9602AAAC31800D051B9 /* LaunchScreen.storyboard in Resources */,
				7D38C95D2AAAC31800D051B9 /* Assets.xcassets in Resources */,
				7D38C95B2AAAC31700D051B9 /* Main.storyboard in Resources */,
			);
			runOnlyForDeploymentPostprocessing = 0;
		};
		7D38C9642AAAC31800D051B9 /* Resources */ = {
			isa = PBXResourcesBuildPhase;
			buildActionMask = 2147483647;
			files = (
			);
			runOnlyForDeploymentPostprocessing = 0;
		};
		7D38C96E2AAAC31900D051B9 /* Resources */ = {
			isa = PBXResourcesBuildPhase;
			buildActionMask = 2147483647;
			files = (
			);
			runOnlyForDeploymentPostprocessing = 0;
		};
/* End PBXResourcesBuildPhase section */

/* Begin PBXSourcesBuildPhase section */
		7D38C94C2AAAC31700D051B9 /* Sources */ = {
			isa = PBXSourcesBuildPhase;
			buildActionMask = 2147483647;
			files = (
				7D38C9582AAAC31700D051B9 /* ViewController.swift in Sources */,
				7D38C9542AAAC31700D051B9 /* AppDelegate.swift in Sources */,
				7D38C9562AAAC31700D051B9 /* SceneDelegate.swift in Sources */,
			);
			runOnlyForDeploymentPostprocessing = 0;
		};
		7D38C9622AAAC31800D051B9 /* Sources */ = {
			isa = PBXSourcesBuildPhase;
			buildActionMask = 2147483647;
			files = (
				7D38C96B2AAAC31800D051B9 /* ARMagicTests.swift in Sources */,
			);
			runOnlyForDeploymentPostprocessing = 0;
		};
		7D38C96C2AAAC31900D051B9 /* Sources */ = {
			isa = PBXSourcesBuildPhase;
			buildActionMask = 2147483647;
			files = (
				7D38C9752AAAC31900D051B9 /* ARMagicUITests.swift in Sources */,
				7D38C9772AAAC31900D051B9 /* ARMagicUITestsLaunchTests.swift in Sources */,
			);
			runOnlyForDeploymentPostprocessing = 0;
		};
/* End PBXSourcesBuildPhase section */

/* Begin PBXTargetDependency section */
		7D38C9682AAAC31800D051B9 /* PBXTargetDependency */ = {
			isa = PBXTargetDependency;
			target = 7D38C94F2AAAC31700D051B9 /* ARMagic */;
			targetProxy = 7D38C9672AAAC31800D051B9 /* PBXContainerItemProxy */;
		};
		7D38C9722AAAC31900D051B9 /* PBXTargetDependency */ = {
			isa = PBXTargetDependency;
			target = 7D38C94F2AAAC31700D051B9 /* ARMagic */;
			targetProxy = 7D38C9712AAAC31900D051B9 /* PBXContainerItemProxy */;
		};
/* End PBXTargetDependency section */

/* Begin PBXVariantGroup section */
		7D38C9592AAAC31700D051B9 /* Main.storyboard */ = {
			isa = PBXVariantGroup;
			children = (
				7D38C95A2AAAC31700D051B9 /* Base */,
			);
			name = Main.storyboard;
			sourceTree = "<group>";
		};
		7D38C95E2AAAC31800D051B9 /* LaunchScreen.storyboard */ = {
			isa = PBXVariantGroup;
			children = (
				7D38C95F2AAAC31800D051B9 /* Base */,
			);
			name = LaunchScreen.storyboard;
			sourceTree = "<group>";
		};
/* End PBXVariantGroup section */

/* Begin XCBuildConfiguration section */
		7D38C9782AAAC31900D051B9 /* Debug */ = {
			isa = XCBuildConfiguration;
			buildSettings = {
				ALWAYS_SEARCH_USER_PATHS = NO;
				ASSETCATALOG_COMPILER_GENERATE_SWIFT_ASSET_SYMBOL_EXTENSIONS = YES;
				CLANG_ANALYZER_NONNULL = YES;
				CLANG_ANALYZER_NUMBER_OBJECT_CONVERSION = YES_AGGRESSIVE;
				CLANG_CXX_LANGUAGE_STANDARD = "gnu++20";
				CLANG_ENABLE_MODULES = YES;
				CLANG_ENABLE_OBJC_ARC = YES;
				CLANG_ENABLE_OBJC_WEAK = YES;
				CLANG_WARN_BLOCK_CAPTURE_AUTORELEASING = YES;
				CLANG_WARN_BOOL_CONVERSION = YES;
				CLANG_WARN_COMMA = YES;
				CLANG_WARN_CONSTANT_CONVERSION = YES;
				CLANG_WARN_DEPRECATED_OBJC_IMPLEMENTATIONS = YES;
				CLANG_WARN_DIRECT_OBJC_ISA_USAGE = YES_ERROR;
				CLANG_WARN_DOCUMENTATION_COMMENTS = YES;
				CLANG_WARN_EMPTY_BODY = YES;
				CLANG_WARN_ENUM_CONVERSION = YES;
				CLANG_WARN_INFINITE_RECURSION = YES;
				CLANG_WARN_INT_CONVERSION = YES;
				CLANG_WARN_NON_LITERAL_NULL_CONVERSION = YES;
				CLANG_WARN_OBJC_IMPLICIT_RETAIN_SELF = YES;
				CLANG_WARN_OBJC_LITERAL_CONVERSION = YES;
				CLANG_WARN_OBJC_ROOT_CLASS = YES_ERROR;
				CLANG_WARN_QUOTED_INCLUDE_IN_FRAMEWORK_HEADER = YES;
				CLANG_WARN_RANGE_LOOP_ANALYSIS = YES;
				CLANG_WARN_STRICT_PROTOTYPES = YES;
				CLANG_WARN_SUSPICIOUS_MOVE = YES;
				CLANG_WARN_UNGUARDED_AVAILABILITY = YES_AGGRESSIVE;
				CLANG_WARN_UNREACHABLE_CODE = YES;
				CLANG_WARN__DUPLICATE_METHOD_MATCH = YES;
				COPY_PHASE_STRIP = NO;
				DEBUG_INFORMATION_FORMAT = dwarf;
				ENABLE_STRICT_OBJC_MSGSEND = YES;
				ENABLE_TESTABILITY = YES;
				ENABLE_USER_SCRIPT_SANDBOXING = YES;
				GCC_C_LANGUAGE_STANDARD = gnu17;
				GCC_DYNAMIC_NO_PIC = NO;
				GCC_NO_COMMON_BLOCKS = YES;
				GCC_OPTIMIZATION_LEVEL = 0;
				GCC_PREPROCESSOR_DEFINITIONS = (
					"DEBUG=1",
					"$(inherited)",
				);
				GCC_WARN_64_TO_32_BIT_CONVERSION = YES;
				GCC_WARN_ABOUT_RETURN_TYPE = YES_ERROR;
				GCC_WARN_UNDECLARED_SELECTOR = YES;
				GCC_WARN_UNINITIALIZED_AUTOS = YES_AGGRESSIVE;
				GCC_WARN_UNUSED_FUNCTION = YES;
				GCC_WARN_UNUSED_VARIABLE = YES;
				IPHONEOS_DEPLOYMENT_TARGET = 17.0;
				LOCALIZATION_PREFERS_STRING_CATALOGS = YES;
				MTL_ENABLE_DEBUG_INFO = INCLUDE_SOURCE;
				MTL_FAST_MATH = YES;
				ONLY_ACTIVE_ARCH = YES;
				SDKROOT = iphoneos;
				SWIFT_ACTIVE_COMPILATION_CONDITIONS = "DEBUG $(inherited)";
				SWIFT_OPTIMIZATION_LEVEL = "-Onone";
			};
			name = Debug;
		};
		7D38C9792AAAC31900D051B9 /* Release */ = {
			isa = XCBuildConfiguration;
			buildSettings = {
				ALWAYS_SEARCH_USER_PATHS = NO;
				ASSETCATALOG_COMPILER_GENERATE_SWIFT_ASSET_SYMBOL_EXTENSIONS = YES;
				CLANG_ANALYZER_NONNULL = YES;
				CLANG_ANALYZER_NUMBER_OBJECT_CONVERSION = YES_AGGRESSIVE;
				CLANG_CXX_LANGUAGE_STANDARD = "gnu++20";
				CLANG_ENABLE_MODULES = YES;
				CLANG_ENABLE_OBJC_ARC = YES;
				CLANG_ENABLE_OBJC_WEAK = YES;
				CLANG_WARN_BLOCK_CAPTURE_AUTORELEASING = YES;
				CLANG_WARN_BOOL_CONVERSION = YES;
				CLANG_WARN_COMMA = YES;
				CLANG_WARN_CONSTANT_CONVERSION = YES;
				CLANG_WARN_DEPRECATED_OBJC_IMPLEMENTATIONS = YES;
				CLANG_WARN_DIRECT_OBJC_ISA_USAGE = YES_ERROR;
				CLANG_WARN_DOCUMENTATION_COMMENTS = YES;
				CLANG_WARN_EMPTY_BODY = YES;
				CLANG_WARN_ENUM_CONVERSION = YES;
				CLANG_WARN_INFINITE_RECURSION = YES;
				CLANG_WARN_INT_CONVERSION = YES;
				CLANG_WARN_NON_LITERAL_NULL_CONVERSION = YES;
				CLANG_WARN_OBJC_IMPLICIT_RETAIN_SELF = YES;
				CLANG_WARN_OBJC_LITERAL_CONVERSION = YES;
				CLANG_WARN_OBJC_ROOT_CLASS = YES_ERROR;
				CLANG_WARN_QUOTED_INCLUDE_IN_FRAMEWORK_HEADER = YES;
				CLANG_WARN_RANGE_LOOP_ANALYSIS = YES;
				CLANG_WARN_STRICT_PROTOTYPES = YES;
				CLANG_WARN_SUSPICIOUS_MOVE = YES;
				CLANG_WARN_UNGUARDED_AVAILABILITY = YES_AGGRESSIVE;
				CLANG_WARN_UNREACHABLE_CODE = YES;
				CLANG_WARN__DUPLICATE_METHOD_MATCH = YES;
				COPY_PHASE_STRIP = NO;
				DEBUG_INFORMATION_FORMAT = "dwarf-with-dsym";
				ENABLE_NS_ASSERTIONS = NO;
				ENABLE_STRICT_OBJC_MSGSEND = YES;
				ENABLE_USER_SCRIPT_SANDBOXING = YES;
				GCC_C_LANGUAGE_STANDARD = gnu17;
				GCC_NO_COMMON_BLOCKS = YES;
				GCC_WARN_64_TO_32_BIT_CONVERSION = YES;
				GCC_WARN_ABOUT_RETURN_TYPE = YES_ERROR;
				GCC_WARN_UNDECLARED_SELECTOR = YES;
				GCC_WARN_UNINITIALIZED_AUTOS = YES_AGGRESSIVE;
				GCC_WARN_UNUSED_FUNCTION = YES;
				GCC_WARN_UNUSED_VARIABLE = YES;
				IPHONEOS_DEPLOYMENT_TARGET = 17.0;
				LOCALIZATION_PREFERS_STRING_CATALOGS = YES;
				MTL_ENABLE_DEBUG_INFO = NO;
				MTL_FAST_MATH = YES;
				SDKROOT = iphoneos;
				SWIFT_COMPILATION_MODE = wholemodule;
				VALIDATE_PRODUCT = YES;
			};
			name = Release;
		};
		7D38C97B2AAAC31900D051B9 /* Debug */ = {
			isa = XCBuildConfiguration;
			buildSettings = {
				ASSETCATALOG_COMPILER_APPICON_NAME = AppIcon;
				ASSETCATALOG_COMPILER_GLOBAL_ACCENT_COLOR_NAME = AccentColor;
				CODE_SIGN_STYLE = Automatic;
				CURRENT_PROJECT_VERSION = 1;
				DEVELOPMENT_TEAM = 83P2C68D46;
				GENERATE_INFOPLIST_FILE = YES;
				INFOPLIST_FILE = ARMagic/Info.plist;
				INFOPLIST_KEY_UIApplicationSupportsIndirectInputEvents = YES;
				INFOPLIST_KEY_UILaunchStoryboardName = LaunchScreen;
				INFOPLIST_KEY_UIMainStoryboardFile = Main;
				INFOPLIST_KEY_UISupportedInterfaceOrientations_iPad = "UIInterfaceOrientationPortrait UIInterfaceOrientationPortraitUpsideDown UIInterfaceOrientationLandscapeLeft UIInterfaceOrientationLandscapeRight";
				INFOPLIST_KEY_UISupportedInterfaceOrientations_iPhone = "UIInterfaceOrientationPortrait UIInterfaceOrientationLandscapeLeft UIInterfaceOrientationLandscapeRight";
				LD_RUNPATH_SEARCH_PATHS = (
					"$(inherited)",
					"@executable_path/Frameworks",
				);
				MARKETING_VERSION = 1.0;
				PRODUCT_BUNDLE_IDENTIFIER = com.swiftrealityar.ARMagic;
				PRODUCT_NAME = "$(TARGET_NAME)";
				SWIFT_EMIT_LOC_STRINGS = YES;
				SWIFT_VERSION = 5.0;
				TARGETED_DEVICE_FAMILY = "1,2";
			};
			name = Debug;
		};
		7D38C97C2AAAC31900D051B9 /* Release */ = {
			isa = XCBuildConfiguration;
			buildSettings = {
				ASSETCATALOG_COMPILER_APPICON_NAME = AppIcon;
				ASSETCATALOG_COMPILER_GLOBAL_ACCENT_COLOR_NAME = AccentColor;
				CODE_SIGN_STYLE = Automatic;
				CURRENT_PROJECT_VERSION = 1;
				DEVELOPMENT_TEAM = 83P2C68D46;
				GENERATE_INFOPLIST_FILE = YES;
				INFOPLIST_FILE = ARMagic/Info.plist;
				INFOPLIST_KEY_UIApplicationSupportsIndirectInputEvents = YES;
				INFOPLIST_KEY_UILaunchStoryboardName = LaunchScreen;
				INFOPLIST_KEY_UIMainStoryboardFile = Main;
				INFOPLIST_KEY_UISupportedInterfaceOrientations_iPad = "UIInterfaceOrientationPortrait UIInterfaceOrientationPortraitUpsideDown UIInterfaceOrientationLandscapeLeft UIInterfaceOrientationLandscapeRight";
				INFOPLIST_KEY_UISupportedInterfaceOrientations_iPhone = "UIInterfaceOrientationPortrait UIInterfaceOrientationLandscapeLeft UIInterfaceOrientationLandscapeRight";
				LD_RUNPATH_SEARCH_PATHS = (
					"$(inherited)",
					"@executable_path/Frameworks",
				);
				MARKETING_VERSION = 1.0;
				PRODUCT_BUNDLE_IDENTIFIER = com.swiftrealityar.ARMagic;
				PRODUCT_NAME = "$(TARGET_NAME)";
				SWIFT_EMIT_LOC_STRINGS = YES;
				SWIFT_VERSION = 5.0;
				TARGETED_DEVICE_FAMILY = "1,2";
			};
			name = Release;
		};
		7D38C97E2AAAC31900D051B9 /* Debug */ = {
			isa = XCBuildConfiguration;
			buildSettings = {
				ALWAYS_EMBED_SWIFT_STANDARD_LIBRARIES = YES;
				BUNDLE_LOADER = "$(TEST_HOST)";
				CODE_SIGN_STYLE = Automatic;
				CURRENT_PROJECT_VERSION = 1;
				DEVELOPMENT_TEAM = 83P2C68D46;
				GENERATE_INFOPLIST_FILE = YES;
				IPHONEOS_DEPLOYMENT_TARGET = 17.0;
				MARKETING_VERSION = 1.0;
				PRODUCT_BUNDLE_IDENTIFIER = com.swiftrealityar.ARMagicTests;
				PRODUCT_NAME = "$(TARGET_NAME)";
				SWIFT_EMIT_LOC_STRINGS = NO;
				SWIFT_VERSION = 5.0;
				TARGETED_DEVICE_FAMILY = "1,2";
				TEST_HOST = "$(BUILT_PRODUCTS_DIR)/ARMagic.app/$(BUNDLE_EXECUTABLE_FOLDER_PATH)/ARMagic";
			};
			name = Debug;
		};
		7D38C97F2AAAC31900D051B9 /* Release */ = {
			isa = XCBuildConfiguration;
			buildSettings = {
				ALWAYS_EMBED_SWIFT_STANDARD_LIBRARIES = YES;
				BUNDLE_LOADER = "$(TEST_HOST)";
				CODE_SIGN_STYLE = Automatic;
				CURRENT_PROJECT_VERSION = 1;
				DEVELOPMENT_TEAM = 83P2C68D46;
				GENERATE_INFOPLIST_FILE = YES;
				IPHONEOS_DEPLOYMENT_TARGET = 17.0;
				MARKETING_VERSION = 1.0;
				PRODUCT_BUNDLE_IDENTIFIER = com.swiftrealityar.ARMagicTests;
				PRODUCT_NAME = "$(TARGET_NAME)";
				SWIFT_EMIT_LOC_STRINGS = NO;
				SWIFT_VERSION = 5.0;
				TARGETED_DEVICE_FAMILY = "1,2";
				TEST_HOST = "$(BUILT_PRODUCTS_DIR)/ARMagic.app/$(BUNDLE_EXECUTABLE_FOLDER_PATH)/ARMagic";
			};
			name = Release;
		};
		7D38C9812AAAC31900D051B9 /* Debug */ = {
			isa = XCBuildConfiguration;
			buildSettings = {
				ALWAYS_EMBED_SWIFT_STANDARD_LIBRARIES = YES;
				CODE_SIGN_STYLE = Automatic;
				CURRENT_PROJECT_VERSION = 1;
				DEVELOPMENT_TEAM = 83P2C68D46;
				GENERATE_INFOPLIST_FILE = YES;
				MARKETING_VERSION = 1.0;
				PRODUCT_BUNDLE_IDENTIFIER = com.swiftrealityar.ARMagicUITests;
				PRODUCT_NAME = "$(TARGET_NAME)";
				SWIFT_EMIT_LOC_STRINGS = NO;
				SWIFT_VERSION = 5.0;
				TARGETED_DEVICE_FAMILY = "1,2";
				TEST_TARGET_NAME = ARMagic;
			};
			name = Debug;
		};
		7D38C9822AAAC31900D051B9 /* Release */ = {
			isa = XCBuildConfiguration;
			buildSettings = {
				ALWAYS_EMBED_SWIFT_STANDARD_LIBRARIES = YES;
				CODE_SIGN_STYLE = Automatic;
				CURRENT_PROJECT_VERSION = 1;
				DEVELOPMENT_TEAM = 83P2C68D46;
				GENERATE_INFOPLIST_FILE = YES;
				MARKETING_VERSION = 1.0;
				PRODUCT_BUNDLE_IDENTIFIER = com.swiftrealityar.ARMagicUITests;
				PRODUCT_NAME = "$(TARGET_NAME)";
				SWIFT_EMIT_LOC_STRINGS = NO;
				SWIFT_VERSION = 5.0;
				TARGETED_DEVICE_FAMILY = "1,2";
				TEST_TARGET_NAME = ARMagic;
			};
			name = Release;
		};
/* End XCBuildConfiguration section */

/* Begin XCConfigurationList section */
		7D38C94B2AAAC31700D051B9 /* Build configuration list for PBXProject "ARMagic" */ = {
			isa = XCConfigurationList;
			buildConfigurations = (
				7D38C9782AAAC31900D051B9 /* Debug */,
				7D38C9792AAAC31900D051B9 /* Release */,
			);
			defaultConfigurationIsVisible = 0;
			defaultConfigurationName = Release;
		};
		7D38C97A2AAAC31900D051B9 /* Build configuration list for PBXNativeTarget "ARMagic" */ = {
			isa = XCConfigurationList;
			buildConfigurations = (
				7D38C97B2AAAC31900D051B9 /* Debug */,
				7D38C97C2AAAC31900D051B9 /* Release */,
			);
			defaultConfigurationIsVisible = 0;
			defaultConfigurationName = Release;
		};
		7D38C97D2AAAC31900D051B9 /* Build configuration list for PBXNativeTarget "ARMagicTests" */ = {
			isa = XCConfigurationList;
			buildConfigurations = (
				7D38C97E2AAAC31900D051B9 /* Debug */,
				7D38C97F2AAAC31900D051B9 /* Release */,
			);
			defaultConfigurationIsVisible = 0;
			defaultConfigurationName = Release;
		};
		7D38C9802AAAC31900D051B9 /* Build configuration list for PBXNativeTarget "ARMagicUITests" */ = {
			isa = XCConfigurationList;
			buildConfigurations = (
				7D38C9812AAAC31900D051B9 /* Debug */,
				7D38C9822AAAC31900D051B9 /* Release */,
			);
			defaultConfigurationIsVisible = 0;
			defaultConfigurationName = Release;
		};
/* End XCConfigurationList section */
	};
	rootObject = 7D38C9482AAAC31700D051B9 /* Project object */;
}
